
Microsoft Visual Studio Solution File, Format Version 12.00
# Visual Studio Version 17
VisualStudioVersion = 17.10.35013.160
MinimumVisualStudioVersion = 10.0.40219.1
Project("{FAE04EC0-301F-11D3-BF4B-00C04F79EFBC}") = "ShapeSquare", "ShapeSquare\ShapeSquare.csproj", "{4AB842B7-BDFE-4140-BE42-BA48103647E3}"
EndProject
Project("{FAE04EC0-301F-11D3-BF4B-00C04F79EFBC}") = "ShapeSquareLib_UnitTest", "ShapeSquareLib_UnitTest\ShapeSquareLib_UnitTest.csproj", "{D859D27A-BBC2-4123-9546-B9567AAE30B7}"
EndProject
Global
	GlobalSection(SolutionConfigurationPlatforms) = preSolution
		Debug|Any CPU = Debug|Any CPU
		Release|Any CPU = Release|Any CPU
	EndGlobalSection
	GlobalSection(ProjectConfigurationPlatforms) = postSolution
		{4AB842B7-BDFE-4140-BE42-BA48103647E3}.Debug|Any CPU.ActiveCfg = Debug|Any CPU
		{4AB842B7-BDFE-4140-BE42-BA48103647E3}.Debug|Any CPU.Build.0 = Debug|Any CPU
		{4AB842B7-BDFE-4140-BE42-BA48103647E3}.Release|Any CPU.ActiveCfg = Release|Any CPU
		{4AB842B7-BDFE-4140-BE42-BA48103647E3}.Release|Any CPU.Build.0 = Release|Any CPU
		{D859D27A-BBC2-4123-9546-B9567AAE30B7}.Debug|Any CPU.ActiveCfg = Debug|Any CPU
		{D859D27A-BBC2-4123-9546-B9567AAE30B7}.Debug|Any CPU.Build.0 = Debug|Any CPU
		{D859D27A-BBC2-4123-9546-B9567AAE30B7}.Release|Any CPU.ActiveCfg = Release|Any CPU
		{D859D27A-BBC2-4123-9546-B9567AAE30B7}.Release|Any CPU.Build.0 = Release|Any CPU
	EndGlobalSection
	GlobalSection(SolutionProperties) = preSolution
		HideSolutionNode = FALSE
	EndGlobalSection
	GlobalSection(ExtensibilityGlobals) = postSolution
		SolutionGuid = {410503B1-65D2-460B-BB87-6CCD1219E1B4}
	EndGlobalSection
EndGlobal
